
Microsoft Visual Studio Solution File, Format Version 12.00
# Visual Studio 14
VisualStudioVersion = 14.0.25123.0
MinimumVisualStudioVersion = 10.0.40219.1
Project("{BBD0F5D1-1CC4-42FD-BA4C-A96779C64378}") = "WpfCalculator", "WpfCalculator.synproj", "{7FC905D8-4E90-45A8-9B8A-25C5685A9481}"
EndProject
Global
	GlobalSection(SolutionConfigurationPlatforms) = preSolution
		Debug|Any CPU = Debug|Any CPU
		Release|Any CPU = Release|Any CPU
	EndGlobalSection
	GlobalSection(ProjectConfigurationPlatforms) = postSolution
		{7FC905D8-4E90-45A8-9B8A-25C5685A9481}.Debug|Any CPU.ActiveCfg = Debug|Any CPU
		{7FC905D8-4E90-45A8-9B8A-25C5685A9481}.Debug|Any CPU.Build.0 = Debug|Any CPU
		{7FC905D8-4E90-45A8-9B8A-25C5685A9481}.Release|Any CPU.ActiveCfg = Release|Any CPU
		{7FC905D8-4E90-45A8-9B8A-25C5685A9481}.Release|Any CPU.Build.0 = Release|Any CPU
	EndGlobalSection
	GlobalSection(SolutionProperties) = preSolution
		HideSolutionNode = FALSE
	EndGlobalSection
EndGlobal
